
Microsoft Visual Studio Solution File, Format Version 12.00
# Visual Studio Version 17
VisualStudioVersion = 17.4.33213.308
MinimumVisualStudioVersion = 10.0.40219.1
Project("{FAE04EC0-301F-11D3-BF4B-00C04F79EFBC}") = "Wba.Oefening.Students.Web", "Wba.Oefening.Students.Web\Wba.Oefening.Students.Web.csproj", "{D203A733-8AEB-4E06-B147-275811F0FA83}"
EndProject
Project("{FAE04EC0-301F-11D3-BF4B-00C04F79EFBC}") = "Wba.Oefening.Students.Core", "Wba.Oefening.Students.Core\Wba.Oefening.Students.Core.csproj", "{C1D24FF6-F190-48D4-8279-A1C18AA78D87}"
EndProject
Global
	GlobalSection(SolutionConfigurationPlatforms) = preSolution
		Debug|Any CPU = Debug|Any CPU
		Release|Any CPU = Release|Any CPU
	EndGlobalSection
	GlobalSection(ProjectConfigurationPlatforms) = postSolution
		{D203A733-8AEB-4E06-B147-275811F0FA83}.Debug|Any CPU.ActiveCfg = Debug|Any CPU
		{D203A733-8AEB-4E06-B147-275811F0FA83}.Debug|Any CPU.Build.0 = Debug|Any CPU
		{D203A733-8AEB-4E06-B147-275811F0FA83}.Release|Any CPU.ActiveCfg = Release|Any CPU
		{D203A733-8AEB-4E06-B147-275811F0FA83}.Release|Any CPU.Build.0 = Release|Any CPU
		{C1D24FF6-F190-48D4-8279-A1C18AA78D87}.Debug|Any CPU.ActiveCfg = Debug|Any CPU
		{C1D24FF6-F190-48D4-8279-A1C18AA78D87}.Debug|Any CPU.Build.0 = Debug|Any CPU
		{C1D24FF6-F190-48D4-8279-A1C18AA78D87}.Release|Any CPU.ActiveCfg = Release|Any CPU
		{C1D24FF6-F190-48D4-8279-A1C18AA78D87}.Release|Any CPU.Build.0 = Release|Any CPU
	EndGlobalSection
	GlobalSection(SolutionProperties) = preSolution
		HideSolutionNode = FALSE
	EndGlobalSection
	GlobalSection(ExtensibilityGlobals) = postSolution
		SolutionGuid = {2431EEEE-F5B1-4939-BC95-744035144EFA}
	EndGlobalSection
EndGlobal
